
Microsoft Visual Studio Solution File, Format Version 12.00
# Visual Studio Version 17
VisualStudioVersion = 17.5.002.0
MinimumVisualStudioVersion = 10.0.40219.1
Project("{9A19103F-16F7-4668-BE54-9A1E7A4F7556}") = "cadastro", "cadastro\cadastro.csproj", "{6D54A5BB-1852-450D-9943-1EAFB68B9BCA}"
EndProject
Global
	GlobalSection(SolutionConfigurationPlatforms) = preSolution
		Debug|Any CPU = Debug|Any CPU
		Release|Any CPU = Release|Any CPU
	EndGlobalSection
	GlobalSection(ProjectConfigurationPlatforms) = postSolution
		{6D54A5BB-1852-450D-9943-1EAFB68B9BCA}.Debug|Any CPU.ActiveCfg = Debug|Any CPU
		{6D54A5BB-1852-450D-9943-1EAFB68B9BCA}.Debug|Any CPU.Build.0 = Debug|Any CPU
		{6D54A5BB-1852-450D-9943-1EAFB68B9BCA}.Release|Any CPU.ActiveCfg = Release|Any CPU
		{6D54A5BB-1852-450D-9943-1EAFB68B9BCA}.Release|Any CPU.Build.0 = Release|Any CPU
	EndGlobalSection
	GlobalSection(SolutionProperties) = preSolution
		HideSolutionNode = FALSE
	EndGlobalSection
	GlobalSection(ExtensibilityGlobals) = postSolution
		SolutionGuid = {15DC9767-E875-43A4-A2B1-3FDE0E38D9CE}
	EndGlobalSection
EndGlobal
